
Microsoft Visual Studio Solution File, Format Version 12.00
# Visual Studio Version 17
VisualStudioVersion = 17.0.31903.59
MinimumVisualStudioVersion = 10.0.40219.1
Project("{2150E333-8FDC-42A3-9474-1A3956D46DE8}") = "src", "src", "{827E0CD3-B72D-47B6-A68D-7590B98EB39B}"
EndProject
Project("{FAE04EC0-301F-11D3-BF4B-00C04F79EFBC}") = "Licitaciones.Domain", "src\Licitaciones.Domain\Licitaciones.Domain.csproj", "{C699347A-7071-4A85-B824-3BC82C059BDF}"
EndProject
Project("{FAE04EC0-301F-11D3-BF4B-00C04F79EFBC}") = "Licitaciones.Application", "src\Licitaciones.Application\Licitaciones.Application.csproj", "{EE311185-E486-42C9-9A36-391B5F39E9F9}"
EndProject
Project("{FAE04EC0-301F-11D3-BF4B-00C04F79EFBC}") = "Licitaciones.Infrastructure", "src\Licitaciones.Infrastructure\Licitaciones.Infrastructure.csproj", "{7D37C22E-2252-4DA6-A4BC-837F30418FFA}"
EndProject
Project("{FAE04EC0-301F-11D3-BF4B-00C04F79EFBC}") = "Licitaciones.Web", "src\Licitaciones.Web\Licitaciones.Web.csproj", "{9A03F388-5297-44DD-94FC-A095547B5A70}"
EndProject
Project("{FAE04EC0-301F-11D3-BF4B-00C04F79EFBC}") = "Licitaciones.Api", "src\Licitaciones.Api\Licitaciones.Api.csproj", "{C1199A79-A255-411A-98F2-96A2372CC3CD}"
EndProject
Project("{2150E333-8FDC-42A3-9474-1A3956D46DE8}") = "tests", "tests", "{0AB3BF05-4346-4AA6-1389-037BE0695223}"
EndProject
Project("{FAE04EC0-301F-11D3-BF4B-00C04F79EFBC}") = "Licitaciones.UnitTests", "tests\Licitaciones.UnitTests\Licitaciones.UnitTests.csproj", "{9C0030C7-433F-4E03-B5B7-3D06A1E38CA7}"
EndProject
Project("{FAE04EC0-301F-11D3-BF4B-00C04F79EFBC}") = "Licitaciones.IntegrationTests", "tests\Licitaciones.IntegrationTests\Licitaciones.IntegrationTests.csproj", "{657D0E55-5225-4635-BA6E-214D0673A471}"
EndProject
Project("{FAE04EC0-301F-11D3-BF4B-00C04F79EFBC}") = "Licitaciones.FunctionalTests", "tests\Licitaciones.FunctionalTests\Licitaciones.FunctionalTests.csproj", "{A0FE000D-048A-4E0E-BE17-DBAA2F5986E6}"
EndProject
Global
	GlobalSection(SolutionConfigurationPlatforms) = preSolution
		Debug|Any CPU = Debug|Any CPU
		Debug|x64 = Debug|x64
		Debug|x86 = Debug|x86
		Release|Any CPU = Release|Any CPU
		Release|x64 = Release|x64
		Release|x86 = Release|x86
	EndGlobalSection
	GlobalSection(ProjectConfigurationPlatforms) = postSolution
		{C699347A-7071-4A85-B824-3BC82C059BDF}.Debug|Any CPU.ActiveCfg = Debug|Any CPU
		{C699347A-7071-4A85-B824-3BC82C059BDF}.Debug|Any CPU.Build.0 = Debug|Any CPU
		{C699347A-7071-4A85-B824-3BC82C059BDF}.Debug|x64.ActiveCfg = Debug|Any CPU
		{C699347A-7071-4A85-B824-3BC82C059BDF}.Debug|x64.Build.0 = Debug|Any CPU
		{C699347A-7071-4A85-B824-3BC82C059BDF}.Debug|x86.ActiveCfg = Debug|Any CPU
		{C699347A-7071-4A85-B824-3BC82C059BDF}.Debug|x86.Build.0 = Debug|Any CPU
		{C699347A-7071-4A85-B824-3BC82C059BDF}.Release|Any CPU.ActiveCfg = Release|Any CPU
		{C699347A-7071-4A85-B824-3BC82C059BDF}.Release|Any CPU.Build.0 = Release|Any CPU
		{C699347A-7071-4A85-B824-3BC82C059BDF}.Release|x64.ActiveCfg = Release|Any CPU
		{C699347A-7071-4A85-B824-3BC82C059BDF}.Release|x64.Build.0 = Release|Any CPU
		{C699347A-7071-4A85-B824-3BC82C059BDF}.Release|x86.ActiveCfg = Release|Any CPU
		{C699347A-7071-4A85-B824-3BC82C059BDF}.Release|x86.Build.0 = Release|Any CPU
		{EE311185-E486-42C9-9A36-391B5F39E9F9}.Debug|Any CPU.ActiveCfg = Debug|Any CPU
		{EE311185-E486-42C9-9A36-391B5F39E9F9}.Debug|Any CPU.Build.0 = Debug|Any CPU
		{EE311185-E486-42C9-9A36-391B5F39E9F9}.Debug|x64.ActiveCfg = Debug|Any CPU
		{EE311185-E486-42C9-9A36-391B5F39E9F9}.Debug|x64.Build.0 = Debug|Any CPU
		{EE311185-E486-42C9-9A36-391B5F39E9F9}.Debug|x86.ActiveCfg = Debug|Any CPU
		{EE311185-E486-42C9-9A36-391B5F39E9F9}.Debug|x86.Build.0 = Debug|Any CPU
		{EE311185-E486-42C9-9A36-391B5F39E9F9}.Release|Any CPU.ActiveCfg = Release|Any CPU
		{EE311185-E486-42C9-9A36-391B5F39E9F9}.Release|Any CPU.Build.0 = Release|Any CPU
		{EE311185-E486-42C9-9A36-391B5F39E9F9}.Release|x64.ActiveCfg = Release|Any CPU
		{EE311185-E486-42C9-9A36-391B5F39E9F9}.Release|x64.Build.0 = Release|Any CPU
		{EE311185-E486-42C9-9A36-391B5F39E9F9}.Release|x86.ActiveCfg = Release|Any CPU
		{EE311185-E486-42C9-9A36-391B5F39E9F9}.Release|x86.Build.0 = Release|Any CPU
		{7D37C22E-2252-4DA6-A4BC-837F30418FFA}.Debug|Any CPU.ActiveCfg = Debug|Any CPU
		{7D37C22E-2252-4DA6-A4BC-837F30418FFA}.Debug|Any CPU.Build.0 = Debug|Any CPU
		{7D37C22E-2252-4DA6-A4BC-837F30418FFA}.Debug|x64.ActiveCfg = Debug|Any CPU
		{7D37C22E-2252-4DA6-A4BC-837F30418FFA}.Debug|x64.Build.0 = Debug|Any CPU
		{7D37C22E-2252-4DA6-A4BC-837F30418FFA}.Debug|x86.ActiveCfg = Debug|Any CPU
		{7D37C22E-2252-4DA6-A4BC-837F30418FFA}.Debug|x86.Build.0 = Debug|Any CPU
		{7D37C22E-2252-4DA6-A4BC-837F30418FFA}.Release|Any CPU.ActiveCfg = Release|Any CPU
		{7D37C22E-2252-4DA6-A4BC-837F30418FFA}.Release|Any CPU.Build.0 = Release|Any CPU
		{7D37C22E-2252-4DA6-A4BC-837F30418FFA}.Release|x64.ActiveCfg = Release|Any CPU
		{7D37C22E-2252-4DA6-A4BC-837F30418FFA}.Release|x64.Build.0 = Release|Any CPU
		{7D37C22E-2252-4DA6-A4BC-837F30418FFA}.Release|x86.ActiveCfg = Release|Any CPU
		{7D37C22E-2252-4DA6-A4BC-837F30418FFA}.Release|x86.Build.0 = Release|Any CPU
		{9A03F388-5297-44DD-94FC-A095547B5A70}.Debug|Any CPU.ActiveCfg = Debug|Any CPU
		{9A03F388-5297-44DD-94FC-A095547B5A70}.Debug|Any CPU.Build.0 = Debug|Any CPU
		{9A03F388-5297-44DD-94FC-A095547B5A70}.Debug|x64.ActiveCfg = Debug|Any CPU
		{9A03F388-5297-44DD-94FC-A095547B5A70}.Debug|x64.Build.0 = Debug|Any CPU
		{9A03F388-5297-44DD-94FC-A095547B5A70}.Debug|x86.ActiveCfg = Debug|Any CPU
		{9A03F388-5297-44DD-94FC-A095547B5A70}.Debug|x86.Build.0 = Debug|Any CPU
		{9A03F388-5297-44DD-94FC-A095547B5A70}.Release|Any CPU.ActiveCfg = Release|Any CPU
		{9A03F388-5297-44DD-94FC-A095547B5A70}.Release|Any CPU.Build.0 = Release|Any CPU
		{9A03F388-5297-44DD-94FC-A095547B5A70}.Release|x64.ActiveCfg = Release|Any CPU
		{9A03F388-5297-44DD-94FC-A095547B5A70}.Release|x64.Build.0 = Release|Any CPU
		{9A03F388-5297-44DD-94FC-A095547B5A70}.Release|x86.ActiveCfg = Release|Any CPU
		{9A03F388-5297-44DD-94FC-A095547B5A70}.Release|x86.Build.0 = Release|Any CPU
		{C1199A79-A255-411A-98F2-96A2372CC3CD}.Debug|Any CPU.ActiveCfg = Debug|Any CPU
		{C1199A79-A255-411A-98F2-96A2372CC3CD}.Debug|Any CPU.Build.0 = Debug|Any CPU
		{C1199A79-A255-411A-98F2-96A2372CC3CD}.Debug|x64.ActiveCfg = Debug|Any CPU
		{C1199A79-A255-411A-98F2-96A2372CC3CD}.Debug|x64.Build.0 = Debug|Any CPU
		{C1199A79-A255-411A-98F2-96A2372CC3CD}.Debug|x86.ActiveCfg = Debug|Any CPU
		{C1199A79-A255-411A-98F2-96A2372CC3CD}.Debug|x86.Build.0 = Debug|Any CPU
		{C1199A79-A255-411A-98F2-96A2372CC3CD}.Release|Any CPU.ActiveCfg = Release|Any CPU
		{C1199A79-A255-411A-98F2-96A2372CC3CD}.Release|Any CPU.Build.0 = Release|Any CPU
		{C1199A79-A255-411A-98F2-96A2372CC3CD}.Release|x64.ActiveCfg = Release|Any CPU
		{C1199A79-A255-411A-98F2-96A2372CC3CD}.Release|x64.Build.0 = Release|Any CPU
		{C1199A79-A255-411A-98F2-96A2372CC3CD}.Release|x86.ActiveCfg = Release|Any CPU
		{C1199A79-A255-411A-98F2-96A2372CC3CD}.Release|x86.Build.0 = Release|Any CPU
		{9C0030C7-433F-4E03-B5B7-3D06A1E38CA7}.Debug|Any CPU.ActiveCfg = Debug|Any CPU
		{9C0030C7-433F-4E03-B5B7-3D06A1E38CA7}.Debug|Any CPU.Build.0 = Debug|Any CPU
		{9C0030C7-433F-4E03-B5B7-3D06A1E38CA7}.Debug|x64.ActiveCfg = Debug|Any CPU
		{9C0030C7-433F-4E03-B5B7-3D06A1E38CA7}.Debug|x64.Build.0 = Debug|Any CPU
		{9C0030C7-433F-4E03-B5B7-3D06A1E38CA7}.Debug|x86.ActiveCfg = Debug|Any CPU
		{9C0030C7-433F-4E03-B5B7-3D06A1E38CA7}.Debug|x86.Build.0 = Debug|Any CPU
		{9C0030C7-433F-4E03-B5B7-3D06A1E38CA7}.Release|Any CPU.ActiveCfg = Release|Any CPU
		{9C0030C7-433F-4E03-B5B7-3D06A1E38CA7}.Release|Any CPU.Build.0 = Release|Any CPU
		{9C0030C7-433F-4E03-B5B7-3D06A1E38CA7}.Release|x64.ActiveCfg = Release|Any CPU
		{9C0030C7-433F-4E03-B5B7-3D06A1E38CA7}.Release|x64.Build.0 = Release|Any CPU
		{9C0030C7-433F-4E03-B5B7-3D06A1E38CA7}.Release|x86.ActiveCfg = Release|Any CPU
		{9C0030C7-433F-4E03-B5B7-3D06A1E38CA7}.Release|x86.Build.0 = Release|Any CPU
		{657D0E55-5225-4635-BA6E-214D0673A471}.Debug|Any CPU.ActiveCfg = Debug|Any CPU
		{657D0E55-5225-4635-BA6E-214D0673A471}.Debug|Any CPU.Build.0 = Debug|Any CPU
		{657D0E55-5225-4635-BA6E-214D0673A471}.Debug|x64.ActiveCfg = Debug|Any CPU
		{657D0E55-5225-4635-BA6E-214D0673A471}.Debug|x64.Build.0 = Debug|Any CPU
		{657D0E55-5225-4635-BA6E-214D0673A471}.Debug|x86.ActiveCfg = Debug|Any CPU
		{657D0E55-5225-4635-BA6E-214D0673A471}.Debug|x86.Build.0 = Debug|Any CPU
		{657D0E55-5225-4635-BA6E-214D0673A471}.Release|Any CPU.ActiveCfg = Release|Any CPU
		{657D0E55-5225-4635-BA6E-214D0673A471}.Release|Any CPU.Build.0 = Release|Any CPU
		{657D0E55-5225-4635-BA6E-214D0673A471}.Release|x64.ActiveCfg = Release|Any CPU
		{657D0E55-5225-4635-BA6E-214D0673A471}.Release|x64.Build.0 = Release|Any CPU
		{657D0E55-5225-4635-BA6E-214D0673A471}.Release|x86.ActiveCfg = Release|Any CPU
		{657D0E55-5225-4635-BA6E-214D0673A471}.Release|x86.Build.0 = Release|Any CPU
		{A0FE000D-048A-4E0E-BE17-DBAA2F5986E6}.Debug|Any CPU.ActiveCfg = Debug|Any CPU
		{A0FE000D-048A-4E0E-BE17-DBAA2F5986E6}.Debug|Any CPU.Build.0 = Debug|Any CPU
		{A0FE000D-048A-4E0E-BE17-DBAA2F5986E6}.Debug|x64.ActiveCfg = Debug|Any CPU
		{A0FE000D-048A-4E0E-BE17-DBAA2F5986E6}.Debug|x64.Build.0 = Debug|Any CPU
		{A0FE000D-048A-4E0E-BE17-DBAA2F5986E6}.Debug|x86.ActiveCfg = Debug|Any CPU
		{A0FE000D-048A-4E0E-BE17-DBAA2F5986E6}.Debug|x86.Build.0 = Debug|Any CPU
		{A0FE000D-048A-4E0E-BE17-DBAA2F5986E6}.Release|Any CPU.ActiveCfg = Release|Any CPU
		{A0FE000D-048A-4E0E-BE17-DBAA2F5986E6}.Release|Any CPU.Build.0 = Release|Any CPU
		{A0FE000D-048A-4E0E-BE17-DBAA2F5986E6}.Release|x64.ActiveCfg = Release|Any CPU
		{A0FE000D-048A-4E0E-BE17-DBAA2F5986E6}.Release|x64.Build.0 = Release|Any CPU
		{A0FE000D-048A-4E0E-BE17-DBAA2F5986E6}.Release|x86.ActiveCfg = Release|Any CPU
		{A0FE000D-048A-4E0E-BE17-DBAA2F5986E6}.Release|x86.Build.0 = Release|Any CPU
	EndGlobalSection
	GlobalSection(SolutionProperties) = preSolution
		HideSolutionNode = FALSE
	EndGlobalSection
	GlobalSection(NestedProjects) = preSolution
		{C699347A-7071-4A85-B824-3BC82C059BDF} = {827E0CD3-B72D-47B6-A68D-7590B98EB39B}
		{EE311185-E486-42C9-9A36-391B5F39E9F9} = {827E0CD3-B72D-47B6-A68D-7590B98EB39B}
		{7D37C22E-2252-4DA6-A4BC-837F30418FFA} = {827E0CD3-B72D-47B6-A68D-7590B98EB39B}
		{9A03F388-5297-44DD-94FC-A095547B5A70} = {827E0CD3-B72D-47B6-A68D-7590B98EB39B}
		{C1199A79-A255-411A-98F2-96A2372CC3CD} = {827E0CD3-B72D-47B6-A68D-7590B98EB39B}
		{9C0030C7-433F-4E03-B5B7-3D06A1E38CA7} = {0AB3BF05-4346-4AA6-1389-037BE0695223}
		{657D0E55-5225-4635-BA6E-214D0673A471} = {0AB3BF05-4346-4AA6-1389-037BE0695223}
		{A0FE000D-048A-4E0E-BE17-DBAA2F5986E6} = {0AB3BF05-4346-4AA6-1389-037BE0695223}
	EndGlobalSection
EndGlobal
